// !$*UTF8*$!
{
	archiveVersion = 1;
	classes = {
	};
	objectVersion = 50;
	objects = {

/* Begin PBXBuildFile section */
		FB125EB1242D7E1A007B5309 /* AppDelegate.swift in Sources */ = {isa = PBXBuildFile; fileRef = FB125EB0242D7E1A007B5309 /* AppDelegate.swift */; };
		FB125EB3242D7E1A007B5309 /* SceneDelegate.swift in Sources */ = {isa = PBXBuildFile; fileRef = FB125EB2242D7E1A007B5309 /* SceneDelegate.swift */; };
		FB125EB5242D7E1A007B5309 /* ViewController.swift in Sources */ = {isa = PBXBuildFile; fileRef = FB125EB4242D7E1A007B5309 /* ViewController.swift */; };
		FB125EB8242D7E1A007B5309 /* Main.storyboard in Resources */ = {isa = PBXBuildFile; fileRef = FB125EB6242D7E1A007B5309 /* Main.storyboard */; };
		FB125EBA242D7E1E007B5309 /* Assets.xcassets in Resources */ = {isa = PBXBuildFile; fileRef = FB125EB9242D7E1E007B5309 /* Assets.xcassets */; };
		FB125EBD242D7E1E007B5309 /* LaunchScreen.storyboard in Resources */ = {isa = PBXBuildFile; fileRef = FB125EBB242D7E1E007B5309 /* LaunchScreen.storyboard */; };
		FB125EC5242D8BC8007B5309 /* Person.swift in Sources */ = {isa = PBXBuildFile; fileRef = FB125EC4242D8BC8007B5309 /* Person.swift */; };
/* End PBXBuildFile section */

/* Begin PBXFileReference section */
		FB125EAD242D7E1A007B5309 /* FIT3178-Lab01.app */ = {isa = PBXFileReference; explicitFileType = wrapper.application; includeInIndex = 0; path = "FIT3178-Lab01.app"; sourceTree = BUILT_PRODUCTS_DIR; };
		FB125EB0242D7E1A007B5309 /* AppDelegate.swift */ = {isa = PBXFileReference; lastKnownFileType = sourcecode.swift; path = AppDelegate.swift; sourceTree = "<group>"; };
		FB125EB2242D7E1A007B5309 /* SceneDelegate.swift */ = {isa = PBXFileReference; lastKnownFileType = sourcecode.swift; path = SceneDelegate.swift; sourceTree = "<group>"; };
		FB125EB4242D7E1A007B5309 /* ViewController.swift */ = {isa = PBXFileReference; lastKnownFileType = sourcecode.swift; path = ViewController.swift; sourceTree = "<group>"; };
		FB125EB7242D7E1A007B5309 /* Base */ = {isa = PBXFileReference; lastKnownFileType = file.storyboard; name = Base; path = Base.lproj/Main.storyboard; sourceTree = "<group>"; };
		FB125EB9242D7E1E007B5309 /* Assets.xcassets */ = {isa = PBXFileReference; lastKnownFileType = folder.assetcatalog; path = Assets.xcassets; sourceTree = "<group>"; };
		FB125EBC242D7E1E007B5309 /* Base */ = {isa = PBXFileReference; lastKnownFileType = file.storyboard; name = Base; path = Base.lproj/LaunchScreen.storyboard; sourceTree = "<group>"; };
		FB125EBE242D7E1E007B5309 /* Info.plist */ = {isa = PBXFileReference; lastKnownFileType = text.plist.xml; path = Info.plist; sourceTree = "<group>"; };
		FB125EC4242D8BC8007B5309 /* Person.swift */ = {isa = PBXFileReference; lastKnownFileType = sourcecode.swift; path = Person.swift; sourceTree = "<group>"; };
/* End PBXFileReference section */

/* Begin PBXFrameworksBuildPhase section */
		FB125EAA242D7E1A007B5309 /* Frameworks */ = {
			isa = PBXFrameworksBuildPhase;
			buildActionMask = 2147483647;
			files = (
			);
			runOnlyForDeploymentPostprocessing = 0;
		};
/* End PBXFrameworksBuildPhase section */

/* Begin PBXGroup section */
		FB125EA4242D7E19007B5309 = {
			isa = PBXGroup;
			children = (
				FB125EAF242D7E1A007B5309 /* FIT3178-Lab01 */,
				FB125EAE242D7E1A007B5309 /* Products */,
			);
			sourceTree = "<group>";
		};
		FB125EAE242D7E1A007B5309 /* Products */ = {
			isa = PBXGroup;
			children = (
				FB125EAD242D7E1A007B5309 /* FIT3178-Lab01.app */,
			);
			name = Products;
			sourceTree = "<group>";
		};
		FB125EAF242D7E1A007B5309 /* FIT3178-Lab01 */ = {
			isa = PBXGroup;
			children = (
				FB125EB0242D7E1A007B5309 /* AppDelegate.swift */,
				FB125EB2242D7E1A007B5309 /* SceneDelegate.swift */,
				FB125EB4242D7E1A007B5309 /* ViewController.swift */,
				FB125EB6242D7E1A007B5309 /* Main.storyboard */,
				FB125EB9242D7E1E007B5309 /* Assets.xcassets */,
				FB125EBB242D7E1E007B5309 /* LaunchScreen.storyboard */,
				FB125EBE242D7E1E007B5309 /* Info.plist */,
				FB125EC4242D8BC8007B5309 /* Person.swift */,
			);
			path = "FIT3178-Lab01";
			sourceTree = "<group>";
		};
/* End PBXGroup section */

/* Begin PBXNativeTarget section */
		FB125EAC242D7E1A007B5309 /* FIT3178-Lab01 */ = {
			isa = PBXNativeTarget;
			buildConfigurationList = FB125EC1242D7E1E007B5309 /* Build configuration list for PBXNativeTarget "FIT3178-Lab01" */;
			buildPhases = (
				FB125EA9242D7E1A007B5309 /* Sources */,
				FB125EAA242D7E1A007B5309 /* Frameworks */,
				FB125EAB242D7E1A007B5309 /* Resources */,
			);
			buildRules = (
			);
			dependencies = (
			);
			name = "FIT3178-Lab01";
			productName = "FIT3178-Lab01";
			productReference = FB125EAD242D7E1A007B5309 /* FIT3178-Lab01.app */;
			productType = "com.apple.product-type.application";
		};
/* End PBXNativeTarget section */

/* Begin PBXProject section */
		FB125EA5242D7E1A007B5309 /* Project object */ = {
			isa = PBXProject;
			attributes = {
				LastSwiftUpdateCheck = 1140;
				LastUpgradeCheck = 1140;
				ORGANIZATIONNAME = "Monash University";
				TargetAttributes = {
					FB125EAC242D7E1A007B5309 = {
						CreatedOnToolsVersion = 11.4;
					};
				};
			};
			buildConfigurationList = FB125EA8242D7E1A007B5309 /* Build configuration list for PBXProject "FIT3178-Lab01" */;
			compatibilityVersion = "Xcode 9.3";
			developmentRegion = en;
			hasScannedForEncodings = 0;
			knownRegions = (
				en,
				Base,
			);
			mainGroup = FB125EA4242D7E19007B5309;
			productRefGroup = FB125EAE242D7E1A007B5309 /* Products */;
			projectDirPath = "";
			projectRoot = "";
			targets = (
				FB125EAC242D7E1A007B5309 /* FIT3178-Lab01 */,
			);
		};
/* End PBXProject section */

/* Begin PBXResourcesBuildPhase section */
		FB125EAB242D7E1A007B5309 /* Resources */ = {
			isa = PBXResourcesBuildPhase;
			buildActionMask = 2147483647;
			files = (
				FB125EBD242D7E1E007B5309 /* LaunchScreen.storyboard in Resources */,
				FB125EBA242D7E1E007B5309 /* Assets.xcassets in Resources */,
				FB125EB8242D7E1A007B5309 /* Main.storyboard in Resources */,
			);
			runOnlyForDeploymentPostprocessing = 0;
		};
/* End PBXResourcesBuildPhase section */

/* Begin PBXSourcesBuildPhase section */
		FB125EA9242D7E1A007B5309 /* Sources */ = {
			isa = PBXSourcesBuildPhase;
			buildActionMask = 2147483647;
			files = (
				FB125EB5242D7E1A007B5309 /* ViewController.swift in Sources */,
				FB125EB1242D7E1A007B5309 /* AppDelegate.swift in Sources */,
				FB125EC5242D8BC8007B5309 /* Person.swift in Sources */,
				FB125EB3242D7E1A007B5309 /* SceneDelegate.swift in Sources */,
			);
			runOnlyForDeploymentPostprocessing = 0;
		};
/* End PBXSourcesBuildPhase section */

/* Begin PBXVariantGroup section */
		FB125EB6242D7E1A007B5309 /* Main.storyboard */ = {
			isa = PBXVariantGroup;
			children = (
				FB125EB7242D7E1A007B5309 /* Base */,
			);
			name = Main.storyboard;
			sourceTree = "<group>";
		};
		FB125EBB242D7E1E007B5309 /* LaunchScreen.storyboard */ = {
			isa = PBXVariantGroup;
			children = (
				FB125EBC242D7E1E007B5309 /* Base */,
			);
			name = LaunchScreen.storyboard;
			sourceTree = "<group>";
		};
/* End PBXVariantGroup section */

/* Begin XCBuildConfiguration section */
		FB125EBF242D7E1E007B5309 /* Debug */ = {
			isa = XCBuildConfiguration;
			buildSettings = {
				ALWAYS_SEARCH_USER_PATHS = NO;
				CLANG_ANALYZER_NONNULL = YES;
				CLANG_ANALYZER_NUMBER_OBJECT_CONVERSION = YES_AGGRESSIVE;
				CLANG_CXX_LANGUAGE_STANDARD = "gnu++14";
				CLANG_CXX_LIBRARY = "libc++";
				CLANG_ENABLE_MODULES = YES;
				CLANG_ENABLE_OBJC_ARC = YES;
				CLANG_ENABLE_OBJC_WEAK = YES;
				CLANG_WARN_BLOCK_CAPTURE_AUTORELEASING = YES;
				CLANG_WARN_BOOL_CONVERSION = YES;
				CLANG_WARN_COMMA = YES;
				CLANG_WARN_CONSTANT_CONVERSION = YES;
				CLANG_WARN_DEPRECATED_OBJC_IMPLEMENTATIONS = YES;
				CLANG_WARN_DIRECT_OBJC_ISA_USAGE = YES_ERROR;
				CLANG_WARN_DOCUMENTATION_COMMENTS = YES;
				CLANG_WARN_EMPTY_BODY = YES;
				CLANG_WARN_ENUM_CONVERSION = YES;
				CLANG_WARN_INFINITE_RECURSION = YES;
				CLANG_WARN_INT_CONVERSION = YES;
				CLANG_WARN_NON_LITERAL_NULL_CONVERSION = YES;
				CLANG_WARN_OBJC_IMPLICIT_RETAIN_SELF = YES;
				CLANG_WARN_OBJC_LITERAL_CONVERSION = YES;
				CLANG_WARN_OBJC_ROOT_CLASS = YES_ERROR;
				CLANG_WARN_RANGE_LOOP_ANALYSIS = YES;
				CLANG_WARN_STRICT_PROTOTYPES = YES;
				CLANG_WARN_SUSPICIOUS_MOVE = YES;
				CLANG_WARN_UNGUARDED_AVAILABILITY = YES_AGGRESSIVE;
				CLANG_WARN_UNREACHABLE_CODE = YES;
				CLANG_WARN__DUPLICATE_METHOD_MATCH = YES;
				COPY_PHASE_STRIP = NO;
				DEBUG_INFORMATION_FORMAT = dwarf;
				ENABLE_STRICT_OBJC_MSGSEND = YES;
				ENABLE_TESTABILITY = YES;
				GCC_C_LANGUAGE_STANDARD = gnu11;
				GCC_DYNAMIC_NO_PIC = NO;
				GCC_NO_COMMON_BLOCKS = YES;
				GCC_OPTIMIZATION_LEVEL = 0;
				GCC_PREPROCESSOR_DEFINITIONS = (
					"DEBUG=1",
					"$(inherited)",
				);
				GCC_WARN_64_TO_32_BIT_CONVERSION = YES;
				GCC_WARN_ABOUT_RETURN_TYPE = YES_ERROR;
				GCC_WARN_UNDECLARED_SELECTOR = YES;
				GCC_WARN_UNINITIALIZED_AUTOS = YES_AGGRESSIVE;
				GCC_WARN_UNUSED_FUNCTION = YES;
				GCC_WARN_UNUSED_VARIABLE = YES;
				IPHONEOS_DEPLOYMENT_TARGET = 13.4;
				MTL_ENABLE_DEBUG_INFO = INCLUDE_SOURCE;
				MTL_FAST_MATH = YES;
				ONLY_ACTIVE_ARCH = YES;
				SDKROOT = iphoneos;
				SWIFT_ACTIVE_COMPILATION_CONDITIONS = DEBUG;
				SWIFT_OPTIMIZATION_LEVEL = "-Onone";
			};
			name = Debug;
		};
		FB125EC0242D7E1E007B5309 /* Release */ = {
			isa = XCBuildConfiguration;
			buildSettings = {
				ALWAYS_SEARCH_USER_PATHS = NO;
				CLANG_ANALYZER_NONNULL = YES;
				CLANG_ANALYZER_NUMBER_OBJECT_CONVERSION = YES_AGGRESSIVE;
				CLANG_CXX_LANGUAGE_STANDARD = "gnu++14";
				CLANG_CXX_LIBRARY = "libc++";
				CLANG_ENABLE_MODULES = YES;
				CLANG_ENABLE_OBJC_ARC = YES;
				CLANG_ENABLE_OBJC_WEAK = YES;
				CLANG_WARN_BLOCK_CAPTURE_AUTORELEASING = YES;
				CLANG_WARN_BOOL_CONVERSION = YES;
				CLANG_WARN_COMMA = YES;
				CLANG_WARN_CONSTANT_CONVERSION = YES;
				CLANG_WARN_DEPRECATED_OBJC_IMPLEMENTATIONS = YES;
				CLANG_WARN_DIRECT_OBJC_ISA_USAGE = YES_ERROR;
				CLANG_WARN_DOCUMENTATION_COMMENTS = YES;
				CLANG_WARN_EMPTY_BODY = YES;
				CLANG_WARN_ENUM_CONVERSION = YES;
				CLANG_WARN_INFINITE_RECURSION = YES;
				CLANG_WARN_INT_CONVERSION = YES;
				CLANG_WARN_NON_LITERAL_NULL_CONVERSION = YES;
				CLANG_WARN_OBJC_IMPLICIT_RETAIN_SELF = YES;
				CLANG_WARN_OBJC_LITERAL_CONVERSION = YES;
				CLANG_WARN_OBJC_ROOT_CLASS = YES_ERROR;
				CLANG_WARN_RANGE_LOOP_ANALYSIS = YES;
				CLANG_WARN_STRICT_PROTOTYPES = YES;
				CLANG_WARN_SUSPICIOUS_MOVE = YES;
				CLANG_WARN_UNGUARDED_AVAILABILITY = YES_AGGRESSIVE;
				CLANG_WARN_UNREACHABLE_CODE = YES;
				CLANG_WARN__DUPLICATE_METHOD_MATCH = YES;
				COPY_PHASE_STRIP = NO;
				DEBUG_INFORMATION_FORMAT = "dwarf-with-dsym";
				ENABLE_NS_ASSERTIONS = NO;
				ENABLE_STRICT_OBJC_MSGSEND = YES;
				GCC_C_LANGUAGE_STANDARD = gnu11;
				GCC_NO_COMMON_BLOCKS = YES;
				GCC_WARN_64_TO_32_BIT_CONVERSION = YES;
				GCC_WARN_ABOUT_RETURN_TYPE = YES_ERROR;
				GCC_WARN_UNDECLARED_SELECTOR = YES;
				GCC_WARN_UNINITIALIZED_AUTOS = YES_AGGRESSIVE;
				GCC_WARN_UNUSED_FUNCTION = YES;
				GCC_WARN_UNUSED_VARIABLE = YES;
				IPHONEOS_DEPLOYMENT_TARGET = 13.4;
				MTL_ENABLE_DEBUG_INFO = NO;
				MTL_FAST_MATH = YES;
				SDKROOT = iphoneos;
				SWIFT_COMPILATION_MODE = wholemodule;
				SWIFT_OPTIMIZATION_LEVEL = "-O";
				VALIDATE_PRODUCT = YES;
			};
			name = Release;
		};
		FB125EC2242D7E1E007B5309 /* Debug */ = {
			isa = XCBuildConfiguration;
			buildSettings = {
				ASSETCATALOG_COMPILER_APPICON_NAME = AppIcon;
				CODE_SIGN_STYLE = Automatic;
				INFOPLIST_FILE = "FIT3178-Lab01/Info.plist";
				LD_RUNPATH_SEARCH_PATHS = (
					"$(inherited)",
					"@executable_path/Frameworks",
				);
				PRODUCT_BUNDLE_IDENTIFIER = "monash.FIT3178-Lab01";
				PRODUCT_NAME = "$(TARGET_NAME)";
				SWIFT_VERSION = 5.0;
				TARGETED_DEVICE_FAMILY = "1,2";
			};
			name = Debug;
		};
		FB125EC3242D7E1E007B5309 /* Release */ = {
			isa = XCBuildConfiguration;
			buildSettings = {
				ASSETCATALOG_COMPILER_APPICON_NAME = AppIcon;
				CODE_SIGN_STYLE = Automatic;
				INFOPLIST_FILE = "FIT3178-Lab01/Info.plist";
				LD_RUNPATH_SEARCH_PATHS = (
					"$(inherited)",
					"@executable_path/Frameworks",
				);
				PRODUCT_BUNDLE_IDENTIFIER = "monash.FIT3178-Lab01";
				PRODUCT_NAME = "$(TARGET_NAME)";
				SWIFT_VERSION = 5.0;
				TARGETED_DEVICE_FAMILY = "1,2";
			};
			name = Release;
		};
/* End XCBuildConfiguration section */

/* Begin XCConfigurationList section */
		FB125EA8242D7E1A007B5309 /* Build configuration list for PBXProject "FIT3178-Lab01" */ = {
			isa = XCConfigurationList;
			buildConfigurations = (
				FB125EBF242D7E1E007B5309 /* Debug */,
				FB125EC0242D7E1E007B5309 /* Release */,
			);
			defaultConfigurationIsVisible = 0;
			defaultConfigurationName = Release;
		};
		FB125EC1242D7E1E007B5309 /* Build configuration list for PBXNativeTarget "FIT3178-Lab01" */ = {
			isa = XCConfigurationList;
			buildConfigurations = (
				FB125EC2242D7E1E007B5309 /* Debug */,
				FB125EC3242D7E1E007B5309 /* Release */,
			);
			defaultConfigurationIsVisible = 0;
			defaultConfigurationName = Release;
		};
/* End XCConfigurationList section */
	};
	rootObject = FB125EA5242D7E1A007B5309 /* Project object */;
}
